
Microsoft Visual Studio Solution File, Format Version 12.00
# Visual Studio Version 17
VisualStudioVersion = 17.10.35027.167
MinimumVisualStudioVersion = 10.0.40219.1
Project("{2150E333-8FDC-42A3-9474-1A3956D46DE8}") = "Services", "Services", "{2227E955-8D8F-4029-80AB-5A8F2D8E979D}"
EndProject
Project("{2150E333-8FDC-42A3-9474-1A3956D46DE8}") = "Catalog", "Catalog", "{08E8641C-0C1F-42DD-B480-1663B7911C39}"
EndProject
Project("{9A19103F-16F7-4668-BE54-9A1E7A4F7556}") = "ETicaret.Catalog", "Services\Catalog\ETicaret.Catalog\ETicaret.Catalog.csproj", "{4269E57E-D93B-496F-A4B8-125EA7F49E42}"
EndProject
Project("{2150E333-8FDC-42A3-9474-1A3956D46DE8}") = "Discount", "Discount", "{88F6F840-76F2-4BEC-BAFF-F3EFBD9A635E}"
EndProject
Project("{9A19103F-16F7-4668-BE54-9A1E7A4F7556}") = "ETicaret.Discount", "Services\Discount\ETicaret.Discount\ETicaret.Discount.csproj", "{73F34C0A-C565-47BA-B7C1-CD2149C608B3}"
EndProject
Project("{2150E333-8FDC-42A3-9474-1A3956D46DE8}") = "Order", "Order", "{BB56C764-E557-49F2-B422-AD38322876B6}"
EndProject
Project("{2150E333-8FDC-42A3-9474-1A3956D46DE8}") = "Core", "Core", "{5AE82789-A567-44DC-9688-044525ED303A}"
EndProject
Project("{2150E333-8FDC-42A3-9474-1A3956D46DE8}") = "Infrastructure", "Infrastructure", "{D8B8F06F-D7EF-4D08-97A4-44D2D2E9C403}"
EndProject
Project("{2150E333-8FDC-42A3-9474-1A3956D46DE8}") = "Presentation", "Presentation", "{32AD014F-8083-4E48-A6A1-DA1A8FABC434}"
EndProject
Project("{FAE04EC0-301F-11D3-BF4B-00C04F79EFBC}") = "ETicaret.Order.Domain", "Services\Order\Core\ETicaret.Order.Domain\ETicaret.Order.Domain.csproj", "{6C149437-2102-410B-B6EC-55AB2AAF77B1}"
EndProject
Project("{FAE04EC0-301F-11D3-BF4B-00C04F79EFBC}") = "ETicaret.Order.Application", "Services\Order\Core\ETicaret.Order.Application\ETicaret.Order.Application.csproj", "{6000D952-1AB3-4DC7-9684-6D3A838F3CF3}"
EndProject
Project("{FAE04EC0-301F-11D3-BF4B-00C04F79EFBC}") = "ETicaret.Order.Persistence", "Services\Order\Infrastructure\ETicaret.Order.Persistence\ETicaret.Order.Persistence.csproj", "{87CEF3AE-DDA6-4C87-A447-0D2DA827BDAE}"
EndProject
Project("{FAE04EC0-301F-11D3-BF4B-00C04F79EFBC}") = "ETicaret.Order.WebApi", "Services\Order\Presentation\ETicaret.Order.WebApi\ETicaret.Order.WebApi.csproj", "{13CF8A72-394D-4B70-872E-99C2ACCF67B8}"
EndProject
Global
	GlobalSection(SolutionConfigurationPlatforms) = preSolution
		Debug|Any CPU = Debug|Any CPU
		Release|Any CPU = Release|Any CPU
	EndGlobalSection
	GlobalSection(ProjectConfigurationPlatforms) = postSolution
		{4269E57E-D93B-496F-A4B8-125EA7F49E42}.Debug|Any CPU.ActiveCfg = Debug|Any CPU
		{4269E57E-D93B-496F-A4B8-125EA7F49E42}.Debug|Any CPU.Build.0 = Debug|Any CPU
		{4269E57E-D93B-496F-A4B8-125EA7F49E42}.Release|Any CPU.ActiveCfg = Release|Any CPU
		{4269E57E-D93B-496F-A4B8-125EA7F49E42}.Release|Any CPU.Build.0 = Release|Any CPU
		{73F34C0A-C565-47BA-B7C1-CD2149C608B3}.Debug|Any CPU.ActiveCfg = Debug|Any CPU
		{73F34C0A-C565-47BA-B7C1-CD2149C608B3}.Debug|Any CPU.Build.0 = Debug|Any CPU
		{73F34C0A-C565-47BA-B7C1-CD2149C608B3}.Release|Any CPU.ActiveCfg = Release|Any CPU
		{73F34C0A-C565-47BA-B7C1-CD2149C608B3}.Release|Any CPU.Build.0 = Release|Any CPU
		{6C149437-2102-410B-B6EC-55AB2AAF77B1}.Debug|Any CPU.ActiveCfg = Debug|Any CPU
		{6C149437-2102-410B-B6EC-55AB2AAF77B1}.Debug|Any CPU.Build.0 = Debug|Any CPU
		{6C149437-2102-410B-B6EC-55AB2AAF77B1}.Release|Any CPU.ActiveCfg = Release|Any CPU
		{6C149437-2102-410B-B6EC-55AB2AAF77B1}.Release|Any CPU.Build.0 = Release|Any CPU
		{6000D952-1AB3-4DC7-9684-6D3A838F3CF3}.Debug|Any CPU.ActiveCfg = Debug|Any CPU
		{6000D952-1AB3-4DC7-9684-6D3A838F3CF3}.Debug|Any CPU.Build.0 = Debug|Any CPU
		{6000D952-1AB3-4DC7-9684-6D3A838F3CF3}.Release|Any CPU.ActiveCfg = Release|Any CPU
		{6000D952-1AB3-4DC7-9684-6D3A838F3CF3}.Release|Any CPU.Build.0 = Release|Any CPU
		{87CEF3AE-DDA6-4C87-A447-0D2DA827BDAE}.Debug|Any CPU.ActiveCfg = Debug|Any CPU
		{87CEF3AE-DDA6-4C87-A447-0D2DA827BDAE}.Debug|Any CPU.Build.0 = Debug|Any CPU
		{87CEF3AE-DDA6-4C87-A447-0D2DA827BDAE}.Release|Any CPU.ActiveCfg = Release|Any CPU
		{87CEF3AE-DDA6-4C87-A447-0D2DA827BDAE}.Release|Any CPU.Build.0 = Release|Any CPU
		{13CF8A72-394D-4B70-872E-99C2ACCF67B8}.Debug|Any CPU.ActiveCfg = Debug|Any CPU
		{13CF8A72-394D-4B70-872E-99C2ACCF67B8}.Debug|Any CPU.Build.0 = Debug|Any CPU
		{13CF8A72-394D-4B70-872E-99C2ACCF67B8}.Release|Any CPU.ActiveCfg = Release|Any CPU
		{13CF8A72-394D-4B70-872E-99C2ACCF67B8}.Release|Any CPU.Build.0 = Release|Any CPU
	EndGlobalSection
	GlobalSection(SolutionProperties) = preSolution
		HideSolutionNode = FALSE
	EndGlobalSection
	GlobalSection(NestedProjects) = preSolution
		{08E8641C-0C1F-42DD-B480-1663B7911C39} = {2227E955-8D8F-4029-80AB-5A8F2D8E979D}
		{4269E57E-D93B-496F-A4B8-125EA7F49E42} = {08E8641C-0C1F-42DD-B480-1663B7911C39}
		{88F6F840-76F2-4BEC-BAFF-F3EFBD9A635E} = {2227E955-8D8F-4029-80AB-5A8F2D8E979D}
		{73F34C0A-C565-47BA-B7C1-CD2149C608B3} = {88F6F840-76F2-4BEC-BAFF-F3EFBD9A635E}
		{BB56C764-E557-49F2-B422-AD38322876B6} = {2227E955-8D8F-4029-80AB-5A8F2D8E979D}
		{5AE82789-A567-44DC-9688-044525ED303A} = {BB56C764-E557-49F2-B422-AD38322876B6}
		{D8B8F06F-D7EF-4D08-97A4-44D2D2E9C403} = {BB56C764-E557-49F2-B422-AD38322876B6}
		{32AD014F-8083-4E48-A6A1-DA1A8FABC434} = {BB56C764-E557-49F2-B422-AD38322876B6}
		{6C149437-2102-410B-B6EC-55AB2AAF77B1} = {5AE82789-A567-44DC-9688-044525ED303A}
		{6000D952-1AB3-4DC7-9684-6D3A838F3CF3} = {5AE82789-A567-44DC-9688-044525ED303A}
		{87CEF3AE-DDA6-4C87-A447-0D2DA827BDAE} = {D8B8F06F-D7EF-4D08-97A4-44D2D2E9C403}
		{13CF8A72-394D-4B70-872E-99C2ACCF67B8} = {32AD014F-8083-4E48-A6A1-DA1A8FABC434}
	EndGlobalSection
	GlobalSection(ExtensibilityGlobals) = postSolution
		SolutionGuid = {A20C5F85-368A-43A1-8957-FB84EFED6115}
	EndGlobalSection
EndGlobal
